// !$*UTF8*$!
{
	archiveVersion = 1;
	classes = {
	};
	objectVersion = 56;
	objects = {

/* Begin PBXBuildFile section */
		879C5A032A997EA200FFAB8F /* AsyncTestApp.swift in Sources */ = {isa = PBXBuildFile; fileRef = 879C5A022A997EA200FFAB8F /* AsyncTestApp.swift */; };
		879C5A052A997EA200FFAB8F /* ContentView.swift in Sources */ = {isa = PBXBuildFile; fileRef = 879C5A042A997EA200FFAB8F /* ContentView.swift */; };
		879C5A072A997EA300FFAB8F /* Assets.xcassets in Resources */ = {isa = PBXBuildFile; fileRef = 879C5A062A997EA300FFAB8F /* Assets.xcassets */; };
		879C5A0A2A997EA300FFAB8F /* Preview Assets.xcassets in Resources */ = {isa = PBXBuildFile; fileRef = 879C5A092A997EA300FFAB8F /* Preview Assets.xcassets */; };
		879C5A172A997EB300FFAB8F /* AsyncTestTests.swift in Sources */ = {isa = PBXBuildFile; fileRef = 879C5A162A997EB300FFAB8F /* AsyncTestTests.swift */; };
/* End PBXBuildFile section */

/* Begin PBXContainerItemProxy section */
		879C5A182A997EB300FFAB8F /* PBXContainerItemProxy */ = {
			isa = PBXContainerItemProxy;
			containerPortal = 879C59F72A997EA200FFAB8F /* Project object */;
			proxyType = 1;
			remoteGlobalIDString = 879C59FE2A997EA200FFAB8F;
			remoteInfo = AsyncTest;
		};
/* End PBXContainerItemProxy section */

/* Begin PBXFileReference section */
		879C59FF2A997EA200FFAB8F /* AsyncTest.app */ = {isa = PBXFileReference; explicitFileType = wrapper.application; includeInIndex = 0; path = AsyncTest.app; sourceTree = BUILT_PRODUCTS_DIR; };
		879C5A022A997EA200FFAB8F /* AsyncTestApp.swift */ = {isa = PBXFileReference; lastKnownFileType = sourcecode.swift; path = AsyncTestApp.swift; sourceTree = "<group>"; };
		879C5A042A997EA200FFAB8F /* ContentView.swift */ = {isa = PBXFileReference; lastKnownFileType = sourcecode.swift; path = ContentView.swift; sourceTree = "<group>"; };
		879C5A062A997EA300FFAB8F /* Assets.xcassets */ = {isa = PBXFileReference; lastKnownFileType = folder.assetcatalog; path = Assets.xcassets; sourceTree = "<group>"; };
		879C5A092A997EA300FFAB8F /* Preview Assets.xcassets */ = {isa = PBXFileReference; lastKnownFileType = folder.assetcatalog; path = "Preview Assets.xcassets"; sourceTree = "<group>"; };
		879C5A142A997EB300FFAB8F /* AsyncTestTests.xctest */ = {isa = PBXFileReference; explicitFileType = wrapper.cfbundle; includeInIndex = 0; path = AsyncTestTests.xctest; sourceTree = BUILT_PRODUCTS_DIR; };
		879C5A162A997EB300FFAB8F /* AsyncTestTests.swift */ = {isa = PBXFileReference; lastKnownFileType = sourcecode.swift; path = AsyncTestTests.swift; sourceTree = "<group>"; };
/* End PBXFileReference section */

/* Begin PBXFrameworksBuildPhase section */
		879C59FC2A997EA200FFAB8F /* Frameworks */ = {
			isa = PBXFrameworksBuildPhase;
			buildActionMask = 2147483647;
			files = (
			);
			runOnlyForDeploymentPostprocessing = 0;
		};
		879C5A112A997EB300FFAB8F /* Frameworks */ = {
			isa = PBXFrameworksBuildPhase;
			buildActionMask = 2147483647;
			files = (
			);
			runOnlyForDeploymentPostprocessing = 0;
		};
/* End PBXFrameworksBuildPhase section */

/* Begin PBXGroup section */
		879C59F62A997EA200FFAB8F = {
			isa = PBXGroup;
			children = (
				879C5A012A997EA200FFAB8F /* AsyncTest */,
				879C5A152A997EB300FFAB8F /* AsyncTestTests */,
				879C5A002A997EA200FFAB8F /* Products */,
			);
			sourceTree = "<group>";
		};
		879C5A002A997EA200FFAB8F /* Products */ = {
			isa = PBXGroup;
			children = (
				879C59FF2A997EA200FFAB8F /* AsyncTest.app */,
				879C5A142A997EB300FFAB8F /* AsyncTestTests.xctest */,
			);
			name = Products;
			sourceTree = "<group>";
		};
		879C5A012A997EA200FFAB8F /* AsyncTest */ = {
			isa = PBXGroup;
			children = (
				879C5A022A997EA200FFAB8F /* AsyncTestApp.swift */,
				879C5A042A997EA200FFAB8F /* ContentView.swift */,
				879C5A062A997EA300FFAB8F /* Assets.xcassets */,
				879C5A082A997EA300FFAB8F /* Preview Content */,
			);
			path = AsyncTest;
			sourceTree = "<group>";
		};
		879C5A082A997EA300FFAB8F /* Preview Content */ = {
			isa = PBXGroup;
			children = (
				879C5A092A997EA300FFAB8F /* Preview Assets.xcassets */,
			);
			path = "Preview Content";
			sourceTree = "<group>";
		};
		879C5A152A997EB300FFAB8F /* AsyncTestTests */ = {
			isa = PBXGroup;
			children = (
				879C5A162A997EB300FFAB8F /* AsyncTestTests.swift */,
			);
			path = AsyncTestTests;
			sourceTree = "<group>";
		};
/* End PBXGroup section */

/* Begin PBXNativeTarget section */
		879C59FE2A997EA200FFAB8F /* AsyncTest */ = {
			isa = PBXNativeTarget;
			buildConfigurationList = 879C5A0D2A997EA300FFAB8F /* Build configuration list for PBXNativeTarget "AsyncTest" */;
			buildPhases = (
				879C59FB2A997EA200FFAB8F /* Sources */,
				879C59FC2A997EA200FFAB8F /* Frameworks */,
				879C59FD2A997EA200FFAB8F /* Resources */,
			);
			buildRules = (
			);
			dependencies = (
			);
			name = AsyncTest;
			productName = AsyncTest;
			productReference = 879C59FF2A997EA200FFAB8F /* AsyncTest.app */;
			productType = "com.apple.product-type.application";
		};
		879C5A132A997EB300FFAB8F /* AsyncTestTests */ = {
			isa = PBXNativeTarget;
			buildConfigurationList = 879C5A1A2A997EB300FFAB8F /* Build configuration list for PBXNativeTarget "AsyncTestTests" */;
			buildPhases = (
				879C5A102A997EB300FFAB8F /* Sources */,
				879C5A112A997EB300FFAB8F /* Frameworks */,
				879C5A122A997EB300FFAB8F /* Resources */,
			);
			buildRules = (
			);
			dependencies = (
				879C5A192A997EB300FFAB8F /* PBXTargetDependency */,
			);
			name = AsyncTestTests;
			productName = AsyncTestTests;
			productReference = 879C5A142A997EB300FFAB8F /* AsyncTestTests.xctest */;
			productType = "com.apple.product-type.bundle.unit-test";
		};
/* End PBXNativeTarget section */

/* Begin PBXProject section */
		879C59F72A997EA200FFAB8F /* Project object */ = {
			isa = PBXProject;
			attributes = {
				BuildIndependentTargetsInParallel = 1;
				LastSwiftUpdateCheck = 1430;
				LastUpgradeCheck = 1430;
				TargetAttributes = {
					879C59FE2A997EA200FFAB8F = {
						CreatedOnToolsVersion = 14.3.1;
					};
					879C5A132A997EB300FFAB8F = {
						CreatedOnToolsVersion = 14.3.1;
						TestTargetID = 879C59FE2A997EA200FFAB8F;
					};
				};
			};
			buildConfigurationList = 879C59FA2A997EA200FFAB8F /* Build configuration list for PBXProject "AsyncTest" */;
			compatibilityVersion = "Xcode 14.0";
			developmentRegion = en;
			hasScannedForEncodings = 0;
			knownRegions = (
				en,
				Base,
			);
			mainGroup = 879C59F62A997EA200FFAB8F;
			productRefGroup = 879C5A002A997EA200FFAB8F /* Products */;
			projectDirPath = "";
			projectRoot = "";
			targets = (
				879C59FE2A997EA200FFAB8F /* AsyncTest */,
				879C5A132A997EB300FFAB8F /* AsyncTestTests */,
			);
		};
/* End PBXProject section */

/* Begin PBXResourcesBuildPhase section */
		879C59FD2A997EA200FFAB8F /* Resources */ = {
			isa = PBXResourcesBuildPhase;
			buildActionMask = 2147483647;
			files = (
				879C5A0A2A997EA300FFAB8F /* Preview Assets.xcassets in Resources */,
				879C5A072A997EA300FFAB8F /* Assets.xcassets in Resources */,
			);
			runOnlyForDeploymentPostprocessing = 0;
		};
		879C5A122A997EB300FFAB8F /* Resources */ = {
			isa = PBXResourcesBuildPhase;
			buildActionMask = 2147483647;
			files = (
			);
			runOnlyForDeploymentPostprocessing = 0;
		};
/* End PBXResourcesBuildPhase section */

/* Begin PBXSourcesBuildPhase section */
		879C59FB2A997EA200FFAB8F /* Sources */ = {
			isa = PBXSourcesBuildPhase;
			buildActionMask = 2147483647;
			files = (
				879C5A052A997EA200FFAB8F /* ContentView.swift in Sources */,
				879C5A032A997EA200FFAB8F /* AsyncTestApp.swift in Sources */,
			);
			runOnlyForDeploymentPostprocessing = 0;
		};
		879C5A102A997EB300FFAB8F /* Sources */ = {
			isa = PBXSourcesBuildPhase;
			buildActionMask = 2147483647;
			files = (
				879C5A172A997EB300FFAB8F /* AsyncTestTests.swift in Sources */,
			);
			runOnlyForDeploymentPostprocessing = 0;
		};
/* End PBXSourcesBuildPhase section */

/* Begin PBXTargetDependency section */
		879C5A192A997EB300FFAB8F /* PBXTargetDependency */ = {
			isa = PBXTargetDependency;
			target = 879C59FE2A997EA200FFAB8F /* AsyncTest */;
			targetProxy = 879C5A182A997EB300FFAB8F /* PBXContainerItemProxy */;
		};
/* End PBXTargetDependency section */

/* Begin XCBuildConfiguration section */
		879C5A0B2A997EA300FFAB8F /* Debug */ = {
			isa = XCBuildConfiguration;
			buildSettings = {
				ALWAYS_SEARCH_USER_PATHS = NO;
				CLANG_ANALYZER_NONNULL = YES;
				CLANG_ANALYZER_NUMBER_OBJECT_CONVERSION = YES_AGGRESSIVE;
				CLANG_CXX_LANGUAGE_STANDARD = "gnu++20";
				CLANG_ENABLE_MODULES = YES;
				CLANG_ENABLE_OBJC_ARC = YES;
				CLANG_ENABLE_OBJC_WEAK = YES;
				CLANG_WARN_BLOCK_CAPTURE_AUTORELEASING = YES;
				CLANG_WARN_BOOL_CONVERSION = YES;
				CLANG_WARN_COMMA = YES;
				CLANG_WARN_CONSTANT_CONVERSION = YES;
				CLANG_WARN_DEPRECATED_OBJC_IMPLEMENTATIONS = YES;
				CLANG_WARN_DIRECT_OBJC_ISA_USAGE = YES_ERROR;
				CLANG_WARN_DOCUMENTATION_COMMENTS = YES;
				CLANG_WARN_EMPTY_BODY = YES;
				CLANG_WARN_ENUM_CONVERSION = YES;
				CLANG_WARN_INFINITE_RECURSION = YES;
				CLANG_WARN_INT_CONVERSION = YES;
				CLANG_WARN_NON_LITERAL_NULL_CONVERSION = YES;
				CLANG_WARN_OBJC_IMPLICIT_RETAIN_SELF = YES;
				CLANG_WARN_OBJC_LITERAL_CONVERSION = YES;
				CLANG_WARN_OBJC_ROOT_CLASS = YES_ERROR;
				CLANG_WARN_QUOTED_INCLUDE_IN_FRAMEWORK_HEADER = YES;
				CLANG_WARN_RANGE_LOOP_ANALYSIS = YES;
				CLANG_WARN_STRICT_PROTOTYPES = YES;
				CLANG_WARN_SUSPICIOUS_MOVE = YES;
				CLANG_WARN_UNGUARDED_AVAILABILITY = YES_AGGRESSIVE;
				CLANG_WARN_UNREACHABLE_CODE = YES;
				CLANG_WARN__DUPLICATE_METHOD_MATCH = YES;
				COPY_PHASE_STRIP = NO;
				DEBUG_INFORMATION_FORMAT = dwarf;
				ENABLE_STRICT_OBJC_MSGSEND = YES;
				ENABLE_TESTABILITY = YES;
				GCC_C_LANGUAGE_STANDARD = gnu11;
				GCC_DYNAMIC_NO_PIC = NO;
				GCC_NO_COMMON_BLOCKS = YES;
				GCC_OPTIMIZATION_LEVEL = 0;
				GCC_PREPROCESSOR_DEFINITIONS = (
					"DEBUG=1",
					"$(inherited)",
				);
				GCC_WARN_64_TO_32_BIT_CONVERSION = YES;
				GCC_WARN_ABOUT_RETURN_TYPE = YES_ERROR;
				GCC_WARN_UNDECLARED_SELECTOR = YES;
				GCC_WARN_UNINITIALIZED_AUTOS = YES_AGGRESSIVE;
				GCC_WARN_UNUSED_FUNCTION = YES;
				GCC_WARN_UNUSED_VARIABLE = YES;
				IPHONEOS_DEPLOYMENT_TARGET = 16.4;
				MTL_ENABLE_DEBUG_INFO = INCLUDE_SOURCE;
				MTL_FAST_MATH = YES;
				ONLY_ACTIVE_ARCH = YES;
				SDKROOT = iphoneos;
				SWIFT_ACTIVE_COMPILATION_CONDITIONS = DEBUG;
				SWIFT_OPTIMIZATION_LEVEL = "-Onone";
			};
			name = Debug;
		};
		879C5A0C2A997EA300FFAB8F /* Release */ = {
			isa = XCBuildConfiguration;
			buildSettings = {
				ALWAYS_SEARCH_USER_PATHS = NO;
				CLANG_ANALYZER_NONNULL = YES;
				CLANG_ANALYZER_NUMBER_OBJECT_CONVERSION = YES_AGGRESSIVE;
				CLANG_CXX_LANGUAGE_STANDARD = "gnu++20";
				CLANG_ENABLE_MODULES = YES;
				CLANG_ENABLE_OBJC_ARC = YES;
				CLANG_ENABLE_OBJC_WEAK = YES;
				CLANG_WARN_BLOCK_CAPTURE_AUTORELEASING = YES;
				CLANG_WARN_BOOL_CONVERSION = YES;
				CLANG_WARN_COMMA = YES;
				CLANG_WARN_CONSTANT_CONVERSION = YES;
				CLANG_WARN_DEPRECATED_OBJC_IMPLEMENTATIONS = YES;
				CLANG_WARN_DIRECT_OBJC_ISA_USAGE = YES_ERROR;
				CLANG_WARN_DOCUMENTATION_COMMENTS = YES;
				CLANG_WARN_EMPTY_BODY = YES;
				CLANG_WARN_ENUM_CONVERSION = YES;
				CLANG_WARN_INFINITE_RECURSION = YES;
				CLANG_WARN_INT_CONVERSION = YES;
				CLANG_WARN_NON_LITERAL_NULL_CONVERSION = YES;
				CLANG_WARN_OBJC_IMPLICIT_RETAIN_SELF = YES;
				CLANG_WARN_OBJC_LITERAL_CONVERSION = YES;
				CLANG_WARN_OBJC_ROOT_CLASS = YES_ERROR;
				CLANG_WARN_QUOTED_INCLUDE_IN_FRAMEWORK_HEADER = YES;
				CLANG_WARN_RANGE_LOOP_ANALYSIS = YES;
				CLANG_WARN_STRICT_PROTOTYPES = YES;
				CLANG_WARN_SUSPICIOUS_MOVE = YES;
				CLANG_WARN_UNGUARDED_AVAILABILITY = YES_AGGRESSIVE;
				CLANG_WARN_UNREACHABLE_CODE = YES;
				CLANG_WARN__DUPLICATE_METHOD_MATCH = YES;
				COPY_PHASE_STRIP = NO;
				DEBUG_INFORMATION_FORMAT = "dwarf-with-dsym";
				ENABLE_NS_ASSERTIONS = NO;
				ENABLE_STRICT_OBJC_MSGSEND = YES;
				GCC_C_LANGUAGE_STANDARD = gnu11;
				GCC_NO_COMMON_BLOCKS = YES;
				GCC_WARN_64_TO_32_BIT_CONVERSION = YES;
				GCC_WARN_ABOUT_RETURN_TYPE = YES_ERROR;
				GCC_WARN_UNDECLARED_SELECTOR = YES;
				GCC_WARN_UNINITIALIZED_AUTOS = YES_AGGRESSIVE;
				GCC_WARN_UNUSED_FUNCTION = YES;
				GCC_WARN_UNUSED_VARIABLE = YES;
				IPHONEOS_DEPLOYMENT_TARGET = 16.4;
				MTL_ENABLE_DEBUG_INFO = NO;
				MTL_FAST_MATH = YES;
				SDKROOT = iphoneos;
				SWIFT_COMPILATION_MODE = wholemodule;
				SWIFT_OPTIMIZATION_LEVEL = "-O";
				VALIDATE_PRODUCT = YES;
			};
			name = Release;
		};
		879C5A0E2A997EA300FFAB8F /* Debug */ = {
			isa = XCBuildConfiguration;
			buildSettings = {
				ASSETCATALOG_COMPILER_APPICON_NAME = AppIcon;
				ASSETCATALOG_COMPILER_GLOBAL_ACCENT_COLOR_NAME = AccentColor;
				CODE_SIGN_STYLE = Automatic;
				CURRENT_PROJECT_VERSION = 1;
				DEVELOPMENT_ASSET_PATHS = "\"AsyncTest/Preview Content\"";
				DEVELOPMENT_TEAM = ZT3UTJ3H6V;
				ENABLE_PREVIEWS = YES;
				GENERATE_INFOPLIST_FILE = YES;
				INFOPLIST_KEY_UIApplicationSceneManifest_Generation = YES;
				INFOPLIST_KEY_UIApplicationSupportsIndirectInputEvents = YES;
				INFOPLIST_KEY_UILaunchScreen_Generation = YES;
				INFOPLIST_KEY_UISupportedInterfaceOrientations_iPad = "UIInterfaceOrientationPortrait UIInterfaceOrientationPortraitUpsideDown UIInterfaceOrientationLandscapeLeft UIInterfaceOrientationLandscapeRight";
				INFOPLIST_KEY_UISupportedInterfaceOrientations_iPhone = "UIInterfaceOrientationPortrait UIInterfaceOrientationLandscapeLeft UIInterfaceOrientationLandscapeRight";
				LD_RUNPATH_SEARCH_PATHS = (
					"$(inherited)",
					"@executable_path/Frameworks",
				);
				MARKETING_VERSION = 1.0;
				PRODUCT_BUNDLE_IDENTIFIER = com.doukmak.muhammad.AsyncTest;
				PRODUCT_NAME = "$(TARGET_NAME)";
				SWIFT_EMIT_LOC_STRINGS = YES;
				SWIFT_VERSION = 5.0;
				TARGETED_DEVICE_FAMILY = "1,2";
			};
			name = Debug;
		};
		879C5A0F2A997EA300FFAB8F /* Release */ = {
			isa = XCBuildConfiguration;
			buildSettings = {
				ASSETCATALOG_COMPILER_APPICON_NAME = AppIcon;
				ASSETCATALOG_COMPILER_GLOBAL_ACCENT_COLOR_NAME = AccentColor;
				CODE_SIGN_STYLE = Automatic;
				CURRENT_PROJECT_VERSION = 1;
				DEVELOPMENT_ASSET_PATHS = "\"AsyncTest/Preview Content\"";
				DEVELOPMENT_TEAM = ZT3UTJ3H6V;
				ENABLE_PREVIEWS = YES;
				GENERATE_INFOPLIST_FILE = YES;
				INFOPLIST_KEY_UIApplicationSceneManifest_Generation = YES;
				INFOPLIST_KEY_UIApplicationSupportsIndirectInputEvents = YES;
				INFOPLIST_KEY_UILaunchScreen_Generation = YES;
				INFOPLIST_KEY_UISupportedInterfaceOrientations_iPad = "UIInterfaceOrientationPortrait UIInterfaceOrientationPortraitUpsideDown UIInterfaceOrientationLandscapeLeft UIInterfaceOrientationLandscapeRight";
				INFOPLIST_KEY_UISupportedInterfaceOrientations_iPhone = "UIInterfaceOrientationPortrait UIInterfaceOrientationLandscapeLeft UIInterfaceOrientationLandscapeRight";
				LD_RUNPATH_SEARCH_PATHS = (
					"$(inherited)",
					"@executable_path/Frameworks",
				);
				MARKETING_VERSION = 1.0;
				PRODUCT_BUNDLE_IDENTIFIER = com.doukmak.muhammad.AsyncTest;
				PRODUCT_NAME = "$(TARGET_NAME)";
				SWIFT_EMIT_LOC_STRINGS = YES;
				SWIFT_VERSION = 5.0;
				TARGETED_DEVICE_FAMILY = "1,2";
			};
			name = Release;
		};
		879C5A1B2A997EB300FFAB8F /* Debug */ = {
			isa = XCBuildConfiguration;
			buildSettings = {
				BUNDLE_LOADER = "$(TEST_HOST)";
				CODE_SIGN_STYLE = Automatic;
				CURRENT_PROJECT_VERSION = 1;
				DEVELOPMENT_TEAM = ZT3UTJ3H6V;
				GENERATE_INFOPLIST_FILE = YES;
				MARKETING_VERSION = 1.0;
				PRODUCT_BUNDLE_IDENTIFIER = com.doukmak.muhammad.AsyncTestTests;
				PRODUCT_NAME = "$(TARGET_NAME)";
				SWIFT_EMIT_LOC_STRINGS = NO;
				SWIFT_VERSION = 5.0;
				TARGETED_DEVICE_FAMILY = "1,2";
				TEST_HOST = "$(BUILT_PRODUCTS_DIR)/AsyncTest.app/$(BUNDLE_EXECUTABLE_FOLDER_PATH)/AsyncTest";
			};
			name = Debug;
		};
		879C5A1C2A997EB300FFAB8F /* Release */ = {
			isa = XCBuildConfiguration;
			buildSettings = {
				BUNDLE_LOADER = "$(TEST_HOST)";
				CODE_SIGN_STYLE = Automatic;
				CURRENT_PROJECT_VERSION = 1;
				DEVELOPMENT_TEAM = ZT3UTJ3H6V;
				GENERATE_INFOPLIST_FILE = YES;
				MARKETING_VERSION = 1.0;
				PRODUCT_BUNDLE_IDENTIFIER = com.doukmak.muhammad.AsyncTestTests;
				PRODUCT_NAME = "$(TARGET_NAME)";
				SWIFT_EMIT_LOC_STRINGS = NO;
				SWIFT_VERSION = 5.0;
				TARGETED_DEVICE_FAMILY = "1,2";
				TEST_HOST = "$(BUILT_PRODUCTS_DIR)/AsyncTest.app/$(BUNDLE_EXECUTABLE_FOLDER_PATH)/AsyncTest";
			};
			name = Release;
		};
/* End XCBuildConfiguration section */

/* Begin XCConfigurationList section */
		879C59FA2A997EA200FFAB8F /* Build configuration list for PBXProject "AsyncTest" */ = {
			isa = XCConfigurationList;
			buildConfigurations = (
				879C5A0B2A997EA300FFAB8F /* Debug */,
				879C5A0C2A997EA300FFAB8F /* Release */,
			);
			defaultConfigurationIsVisible = 0;
			defaultConfigurationName = Release;
		};
		879C5A0D2A997EA300FFAB8F /* Build configuration list for PBXNativeTarget "AsyncTest" */ = {
			isa = XCConfigurationList;
			buildConfigurations = (
				879C5A0E2A997EA300FFAB8F /* Debug */,
				879C5A0F2A997EA300FFAB8F /* Release */,
			);
			defaultConfigurationIsVisible = 0;
			defaultConfigurationName = Release;
		};
		879C5A1A2A997EB300FFAB8F /* Build configuration list for PBXNativeTarget "AsyncTestTests" */ = {
			isa = XCConfigurationList;
			buildConfigurations = (
				879C5A1B2A997EB300FFAB8F /* Debug */,
				879C5A1C2A997EB300FFAB8F /* Release */,
			);
			defaultConfigurationIsVisible = 0;
			defaultConfigurationName = Release;
		};
/* End XCConfigurationList section */
	};
	rootObject = 879C59F72A997EA200FFAB8F /* Project object */;
}
